
Microsoft Visual Studio Solution File, Format Version 12.00
# Visual Studio Version 17
VisualStudioVersion = 17.11.35327.3
MinimumVisualStudioVersion = 10.0.40219.1
Project("{2150E333-8FDC-42A3-9474-1A3956D46DE8}") = "0.Common", "0.Common", "{45BC595E-A7FF-4798-B497-2E410FA53E00}"
EndProject
Project("{2150E333-8FDC-42A3-9474-1A3956D46DE8}") = "1.Microservices", "1.Microservices", "{F150619B-8AD9-4398-803F-7262BA4E26A4}"
EndProject
Project("{2150E333-8FDC-42A3-9474-1A3956D46DE8}") = "Report", "Report", "{63448AF2-AFE3-4A2A-98B3-2101C91BFA57}"
EndProject
Project("{2150E333-8FDC-42A3-9474-1A3956D46DE8}") = "Modules", "Modules", "{4CAAD0C4-9A76-4E74-9033-BEDFF8DDF758}"
EndProject
Project("{2150E333-8FDC-42A3-9474-1A3956D46DE8}") = "Business", "Business", "{87D7AB9D-D8B2-45DA-8BB4-978441E57509}"
EndProject
Project("{2150E333-8FDC-42A3-9474-1A3956D46DE8}") = "Services", "Services", "{E6389850-05CE-48E9-919A-CC68BF40F674}"
EndProject
Project("{2150E333-8FDC-42A3-9474-1A3956D46DE8}") = "Business", "Business", "{3D8BD502-B23C-409E-9D32-C85FBF5E1A0B}"
EndProject
Project("{2150E333-8FDC-42A3-9474-1A3956D46DE8}") = "Services", "Services", "{66F884A0-C344-44E9-9316-36F4A00DC7B7}"
EndProject
Project("{9A19103F-16F7-4668-BE54-9A1E7A4F7556}") = "BestGuide.Report", "src\BestGuide.Report\BestGuide.Report.csproj", "{B2785EBA-1EFF-4736-88B2-D0BB56F0E7FD}"
EndProject
Project("{9A19103F-16F7-4668-BE54-9A1E7A4F7556}") = "BestGuide.Modules", "src\BestGuide.Modules\BestGuide.Modules.csproj", "{21A27F3B-1FDF-4281-BA18-0AE65555408C}"
EndProject
Project("{9A19103F-16F7-4668-BE54-9A1E7A4F7556}") = "BestGuide.Modules.Application", "src\BestGuide.Modules.Application\BestGuide.Modules.Application.csproj", "{1E6CF45A-C76D-4585-8E7D-C68ECDA3D92A}"
EndProject
Project("{9A19103F-16F7-4668-BE54-9A1E7A4F7556}") = "BestGuide.Report.Application", "src\BestGuide.Report.Application\BestGuide.Report.Application.csproj", "{0121CF26-3004-4C2C-A429-8D155DAA37BB}"
EndProject
Project("{9A19103F-16F7-4668-BE54-9A1E7A4F7556}") = "BestGuide.Report.Domain", "src\BestGuide.Report.Domain\BestGuide.Report.Domain.csproj", "{7FE3112D-95A9-4258-BC79-0FDA18E4293D}"
EndProject
Project("{9A19103F-16F7-4668-BE54-9A1E7A4F7556}") = "BestGuide.Report.Infrastructure", "src\BestGuide.Report.Infrastructure\BestGuide.Report.Infrastructure.csproj", "{FED8AE8C-9FC0-477C-ABE9-3432525CDA64}"
EndProject
Project("{9A19103F-16F7-4668-BE54-9A1E7A4F7556}") = "BestGuide.Modules.Domain", "src\BestGuide.Modules.Domain\BestGuide.Modules.Domain.csproj", "{35128E5E-5B3A-497C-9AD2-FAF7447DBD8D}"
EndProject
Project("{9A19103F-16F7-4668-BE54-9A1E7A4F7556}") = "BestGuide.Modules.Infrastructure", "src\BestGuide.Modules.Infrastructure\BestGuide.Modules.Infrastructure.csproj", "{1020E92F-0E6F-4B8D-915A-3D17FAC4F42D}"
EndProject
Project("{9A19103F-16F7-4668-BE54-9A1E7A4F7556}") = "BestGuide.Common.Pagination", "src\BestGuide.Common.Pagination\BestGuide.Common.Pagination.csproj", "{EED874F3-672F-4C7B-A740-604CEE65938B}"
EndProject
Project("{9A19103F-16F7-4668-BE54-9A1E7A4F7556}") = "BestGuide.Common.EFCore", "src\BestGuide.Common.EFCore\BestGuide.Common.EFCore.csproj", "{5A54A0CD-15A7-4CB4-976F-FA7F6066D12A}"
EndProject
Global
	GlobalSection(SolutionConfigurationPlatforms) = preSolution
		Debug|Any CPU = Debug|Any CPU
		Release|Any CPU = Release|Any CPU
	EndGlobalSection
	GlobalSection(ProjectConfigurationPlatforms) = postSolution
		{B2785EBA-1EFF-4736-88B2-D0BB56F0E7FD}.Debug|Any CPU.ActiveCfg = Debug|Any CPU
		{B2785EBA-1EFF-4736-88B2-D0BB56F0E7FD}.Debug|Any CPU.Build.0 = Debug|Any CPU
		{B2785EBA-1EFF-4736-88B2-D0BB56F0E7FD}.Release|Any CPU.ActiveCfg = Release|Any CPU
		{B2785EBA-1EFF-4736-88B2-D0BB56F0E7FD}.Release|Any CPU.Build.0 = Release|Any CPU
		{21A27F3B-1FDF-4281-BA18-0AE65555408C}.Debug|Any CPU.ActiveCfg = Debug|Any CPU
		{21A27F3B-1FDF-4281-BA18-0AE65555408C}.Debug|Any CPU.Build.0 = Debug|Any CPU
		{21A27F3B-1FDF-4281-BA18-0AE65555408C}.Release|Any CPU.ActiveCfg = Release|Any CPU
		{21A27F3B-1FDF-4281-BA18-0AE65555408C}.Release|Any CPU.Build.0 = Release|Any CPU
		{1E6CF45A-C76D-4585-8E7D-C68ECDA3D92A}.Debug|Any CPU.ActiveCfg = Debug|Any CPU
		{1E6CF45A-C76D-4585-8E7D-C68ECDA3D92A}.Debug|Any CPU.Build.0 = Debug|Any CPU
		{1E6CF45A-C76D-4585-8E7D-C68ECDA3D92A}.Release|Any CPU.ActiveCfg = Release|Any CPU
		{1E6CF45A-C76D-4585-8E7D-C68ECDA3D92A}.Release|Any CPU.Build.0 = Release|Any CPU
		{0121CF26-3004-4C2C-A429-8D155DAA37BB}.Debug|Any CPU.ActiveCfg = Debug|Any CPU
		{0121CF26-3004-4C2C-A429-8D155DAA37BB}.Debug|Any CPU.Build.0 = Debug|Any CPU
		{0121CF26-3004-4C2C-A429-8D155DAA37BB}.Release|Any CPU.ActiveCfg = Release|Any CPU
		{0121CF26-3004-4C2C-A429-8D155DAA37BB}.Release|Any CPU.Build.0 = Release|Any CPU
		{7FE3112D-95A9-4258-BC79-0FDA18E4293D}.Debug|Any CPU.ActiveCfg = Debug|Any CPU
		{7FE3112D-95A9-4258-BC79-0FDA18E4293D}.Debug|Any CPU.Build.0 = Debug|Any CPU
		{7FE3112D-95A9-4258-BC79-0FDA18E4293D}.Release|Any CPU.ActiveCfg = Release|Any CPU
		{7FE3112D-95A9-4258-BC79-0FDA18E4293D}.Release|Any CPU.Build.0 = Release|Any CPU
		{FED8AE8C-9FC0-477C-ABE9-3432525CDA64}.Debug|Any CPU.ActiveCfg = Debug|Any CPU
		{FED8AE8C-9FC0-477C-ABE9-3432525CDA64}.Debug|Any CPU.Build.0 = Debug|Any CPU
		{FED8AE8C-9FC0-477C-ABE9-3432525CDA64}.Release|Any CPU.ActiveCfg = Release|Any CPU
		{FED8AE8C-9FC0-477C-ABE9-3432525CDA64}.Release|Any CPU.Build.0 = Release|Any CPU
		{35128E5E-5B3A-497C-9AD2-FAF7447DBD8D}.Debug|Any CPU.ActiveCfg = Debug|Any CPU
		{35128E5E-5B3A-497C-9AD2-FAF7447DBD8D}.Debug|Any CPU.Build.0 = Debug|Any CPU
		{35128E5E-5B3A-497C-9AD2-FAF7447DBD8D}.Release|Any CPU.ActiveCfg = Release|Any CPU
		{35128E5E-5B3A-497C-9AD2-FAF7447DBD8D}.Release|Any CPU.Build.0 = Release|Any CPU
		{1020E92F-0E6F-4B8D-915A-3D17FAC4F42D}.Debug|Any CPU.ActiveCfg = Debug|Any CPU
		{1020E92F-0E6F-4B8D-915A-3D17FAC4F42D}.Debug|Any CPU.Build.0 = Debug|Any CPU
		{1020E92F-0E6F-4B8D-915A-3D17FAC4F42D}.Release|Any CPU.ActiveCfg = Release|Any CPU
		{1020E92F-0E6F-4B8D-915A-3D17FAC4F42D}.Release|Any CPU.Build.0 = Release|Any CPU
		{EED874F3-672F-4C7B-A740-604CEE65938B}.Debug|Any CPU.ActiveCfg = Debug|Any CPU
		{EED874F3-672F-4C7B-A740-604CEE65938B}.Debug|Any CPU.Build.0 = Debug|Any CPU
		{EED874F3-672F-4C7B-A740-604CEE65938B}.Release|Any CPU.ActiveCfg = Release|Any CPU
		{EED874F3-672F-4C7B-A740-604CEE65938B}.Release|Any CPU.Build.0 = Release|Any CPU
		{5A54A0CD-15A7-4CB4-976F-FA7F6066D12A}.Debug|Any CPU.ActiveCfg = Debug|Any CPU
		{5A54A0CD-15A7-4CB4-976F-FA7F6066D12A}.Debug|Any CPU.Build.0 = Debug|Any CPU
		{5A54A0CD-15A7-4CB4-976F-FA7F6066D12A}.Release|Any CPU.ActiveCfg = Release|Any CPU
		{5A54A0CD-15A7-4CB4-976F-FA7F6066D12A}.Release|Any CPU.Build.0 = Release|Any CPU
	EndGlobalSection
	GlobalSection(SolutionProperties) = preSolution
		HideSolutionNode = FALSE
	EndGlobalSection
	GlobalSection(NestedProjects) = preSolution
		{63448AF2-AFE3-4A2A-98B3-2101C91BFA57} = {F150619B-8AD9-4398-803F-7262BA4E26A4}
		{4CAAD0C4-9A76-4E74-9033-BEDFF8DDF758} = {F150619B-8AD9-4398-803F-7262BA4E26A4}
		{87D7AB9D-D8B2-45DA-8BB4-978441E57509} = {4CAAD0C4-9A76-4E74-9033-BEDFF8DDF758}
		{E6389850-05CE-48E9-919A-CC68BF40F674} = {4CAAD0C4-9A76-4E74-9033-BEDFF8DDF758}
		{3D8BD502-B23C-409E-9D32-C85FBF5E1A0B} = {63448AF2-AFE3-4A2A-98B3-2101C91BFA57}
		{66F884A0-C344-44E9-9316-36F4A00DC7B7} = {63448AF2-AFE3-4A2A-98B3-2101C91BFA57}
		{B2785EBA-1EFF-4736-88B2-D0BB56F0E7FD} = {66F884A0-C344-44E9-9316-36F4A00DC7B7}
		{21A27F3B-1FDF-4281-BA18-0AE65555408C} = {E6389850-05CE-48E9-919A-CC68BF40F674}
		{1E6CF45A-C76D-4585-8E7D-C68ECDA3D92A} = {87D7AB9D-D8B2-45DA-8BB4-978441E57509}
		{0121CF26-3004-4C2C-A429-8D155DAA37BB} = {3D8BD502-B23C-409E-9D32-C85FBF5E1A0B}
		{7FE3112D-95A9-4258-BC79-0FDA18E4293D} = {3D8BD502-B23C-409E-9D32-C85FBF5E1A0B}
		{FED8AE8C-9FC0-477C-ABE9-3432525CDA64} = {3D8BD502-B23C-409E-9D32-C85FBF5E1A0B}
		{35128E5E-5B3A-497C-9AD2-FAF7447DBD8D} = {87D7AB9D-D8B2-45DA-8BB4-978441E57509}
		{1020E92F-0E6F-4B8D-915A-3D17FAC4F42D} = {87D7AB9D-D8B2-45DA-8BB4-978441E57509}
		{EED874F3-672F-4C7B-A740-604CEE65938B} = {45BC595E-A7FF-4798-B497-2E410FA53E00}
		{5A54A0CD-15A7-4CB4-976F-FA7F6066D12A} = {45BC595E-A7FF-4798-B497-2E410FA53E00}
	EndGlobalSection
	GlobalSection(ExtensibilityGlobals) = postSolution
		SolutionGuid = {39FC4BE9-91F9-41B5-946D-46AFAB30BA61}
	EndGlobalSection
EndGlobal
